
Microsoft Visual Studio Solution File, Format Version 12.00
Project("{FAE04EC0-301F-11D3-BF4B-00C04F79EFBC}") = "Checkout", "Checkout\Checkout.csproj", "{DF969BB0-FACD-4007-8FE8-7FDD6D60E7A8}"
EndProject
Project("{FAE04EC0-301F-11D3-BF4B-00C04F79EFBC}") = "Checkout.Tests", "Checkout.Tests\Checkout.Tests.csproj", "{1716F2E9-AB70-4E43-B3E6-A8FD18D6D619}"
EndProject
Global
	GlobalSection(SolutionConfigurationPlatforms) = preSolution
		Debug|Any CPU = Debug|Any CPU
		Release|Any CPU = Release|Any CPU
	EndGlobalSection
	GlobalSection(ProjectConfigurationPlatforms) = postSolution
		{DF969BB0-FACD-4007-8FE8-7FDD6D60E7A8}.Debug|Any CPU.ActiveCfg = Debug|Any CPU
		{DF969BB0-FACD-4007-8FE8-7FDD6D60E7A8}.Debug|Any CPU.Build.0 = Debug|Any CPU
		{DF969BB0-FACD-4007-8FE8-7FDD6D60E7A8}.Release|Any CPU.ActiveCfg = Release|Any CPU
		{DF969BB0-FACD-4007-8FE8-7FDD6D60E7A8}.Release|Any CPU.Build.0 = Release|Any CPU
		{1716F2E9-AB70-4E43-B3E6-A8FD18D6D619}.Debug|Any CPU.ActiveCfg = Debug|Any CPU
		{1716F2E9-AB70-4E43-B3E6-A8FD18D6D619}.Debug|Any CPU.Build.0 = Debug|Any CPU
		{1716F2E9-AB70-4E43-B3E6-A8FD18D6D619}.Release|Any CPU.ActiveCfg = Release|Any CPU
		{1716F2E9-AB70-4E43-B3E6-A8FD18D6D619}.Release|Any CPU.Build.0 = Release|Any CPU
	EndGlobalSection
EndGlobal
